# THIS IS AN AUTOGENERATED FILE. DO NOT EDIT THIS FILE DIRECTLY.
# yarn lockfile v1


"@babel/code-frame@7.0.0-beta.37":
  version "7.0.0-beta.37"
  resolved "https://registry.yarnpkg.com/@babel/code-frame/-/code-frame-7.0.0-beta.37.tgz#2da1dd3b1b57bfdea777ddc378df7cd12fe40171"
  dependencies:
    chalk "^2.0.0"
    esutils "^2.0.2"
    js-tokens "^3.0.0"

"@babel/core@^7.0.0-beta.37":
  version "7.0.0-beta.37"
  resolved "https://registry.yarnpkg.com/@babel/core/-/core-7.0.0-beta.37.tgz#a6291a7892643e36b721e56bcf132d9cc1b65b08"
  dependencies:
    "@babel/code-frame" "7.0.0-beta.37"
    "@babel/generator" "7.0.0-beta.37"
    "@babel/helpers" "7.0.0-beta.37"
    "@babel/template" "7.0.0-beta.37"
    "@babel/traverse" "7.0.0-beta.37"
    "@babel/types" "7.0.0-beta.37"
    babylon "7.0.0-beta.37"
    convert-source-map "^1.1.0"
    debug "^3.0.1"
    json5 "^0.5.0"
    lodash "^4.2.0"
    micromatch "^2.3.11"
    resolve "^1.3.2"
    source-map "^0.5.0"

"@babel/generator@7.0.0-beta.37":
  version "7.0.0-beta.37"
  resolved "https://registry.yarnpkg.com/@babel/generator/-/generator-7.0.0-beta.37.tgz#df5183995f20af4afe3bd5499a4c1336355fc163"
  dependencies:
    "@babel/types" "7.0.0-beta.37"
    jsesc "^2.5.1"
    lodash "^4.2.0"
    source-map "^0.5.0"
    trim-right "^1.0.1"

"@babel/helper-annotate-as-pure@7.0.0-beta.37":
  version "7.0.0-beta.37"
  resolved "https://registry.yarnpkg.com/@babel/helper-annotate-as-pure/-/helper-annotate-as-pure-7.0.0-beta.37.tgz#9c10fb9c17d36837c9d29a5d5de6fee963402b71"
  dependencies:
    "@babel/types" "7.0.0-beta.37"

"@babel/helper-builder-binary-assignment-operator-visitor@7.0.0-beta.37":
  version "7.0.0-beta.37"
  resolved "https://registry.yarnpkg.com/@babel/helper-builder-binary-assignment-operator-visitor/-/helper-builder-binary-assignment-operator-visitor-7.0.0-beta.37.tgz#964587d8dbcd38418888ad9351e677e38697029d"
  dependencies:
    "@babel/helper-explode-assignable-expression" "7.0.0-beta.37"
    "@babel/types" "7.0.0-beta.37"

"@babel/helper-call-delegate@7.0.0-beta.37":
  version "7.0.0-beta.37"
  resolved "https://registry.yarnpkg.com/@babel/helper-call-delegate/-/helper-call-delegate-7.0.0-beta.37.tgz#a8797e8f66d0f637325cad0d876450a078b89de4"
  dependencies:
    "@babel/helper-hoist-variables" "7.0.0-beta.37"
    "@babel/traverse" "7.0.0-beta.37"
    "@babel/types" "7.0.0-beta.37"

"@babel/helper-define-map@7.0.0-beta.37":
  version "7.0.0-beta.37"
  resolved "https://registry.yarnpkg.com/@babel/helper-define-map/-/helper-define-map-7.0.0-beta.37.tgz#23f40f9b995439013933c1df17a62e67930ad40f"
  dependencies:
    "@babel/helper-function-name" "7.0.0-beta.37"
    "@babel/types" "7.0.0-beta.37"
    lodash "^4.2.0"

"@babel/helper-explode-assignable-expression@7.0.0-beta.37":
  version "7.0.0-beta.37"
  resolved "https://registry.yarnpkg.com/@babel/helper-explode-assignable-expression/-/helper-explode-assignable-expression-7.0.0-beta.37.tgz#f0b49f1289f91485a79965be29815e72a2447072"
  dependencies:
    "@babel/traverse" "7.0.0-beta.37"
    "@babel/types" "7.0.0-beta.37"

"@babel/helper-function-name@7.0.0-beta.37":
  version "7.0.0-beta.37"
  resolved "https://registry.yarnpkg.com/@babel/helper-function-name/-/helper-function-name-7.0.0-beta.37.tgz#add0b76b2947b495a95498de9f2096808c29d2d7"
  dependencies:
    "@babel/helper-get-function-arity" "7.0.0-beta.37"
    "@babel/template" "7.0.0-beta.37"
    "@babel/types" "7.0.0-beta.37"

"@babel/helper-get-function-arity@7.0.0-beta.37":
  version "7.0.0-beta.37"
  resolved "https://registry.yarnpkg.com/@babel/helper-get-function-arity/-/helper-get-function-arity-7.0.0-beta.37.tgz#430fec8d4bc804f20c84ee0ba63a807edf1fb0c1"
  dependencies:
    "@babel/types" "7.0.0-beta.37"

"@babel/helper-hoist-variables@7.0.0-beta.37":
  version "7.0.0-beta.37"
  resolved "https://registry.yarnpkg.com/@babel/helper-hoist-variables/-/helper-hoist-variables-7.0.0-beta.37.tgz#032c35d8a95b930437a221934d6f8fafe4a23dbc"
  dependencies:
    "@babel/types" "7.0.0-beta.37"

"@babel/helper-module-imports@7.0.0-beta.37":
  version "7.0.0-beta.37"
  resolved "https://registry.yarnpkg.com/@babel/helper-module-imports/-/helper-module-imports-7.0.0-beta.37.tgz#e0f34cfbe7eb0d70dc02e1481a236e26d127fb43"
  dependencies:
    "@babel/types" "7.0.0-beta.37"
    lodash "^4.2.0"

"@babel/helper-module-transforms@7.0.0-beta.37":
  version "7.0.0-beta.37"
  resolved "https://registry.yarnpkg.com/@babel/helper-module-transforms/-/helper-module-transforms-7.0.0-beta.37.tgz#df92f844959d89e055f66afac44eb616edbe5173"
  dependencies:
    "@babel/helper-module-imports" "7.0.0-beta.37"
    "@babel/helper-simple-access" "7.0.0-beta.37"
    "@babel/template" "7.0.0-beta.37"
    "@babel/types" "7.0.0-beta.37"
    lodash "^4.2.0"

"@babel/helper-optimise-call-expression@7.0.0-beta.37":
  version "7.0.0-beta.37"
  resolved "https://registry.yarnpkg.com/@babel/helper-optimise-call-expression/-/helper-optimise-call-expression-7.0.0-beta.37.tgz#6879401a6da76ac70d9ab125d394c12ac09c0eb5"
  dependencies:
    "@babel/types" "7.0.0-beta.37"

"@babel/helper-regex@7.0.0-beta.37":
  version "7.0.0-beta.37"
  resolved "https://registry.yarnpkg.com/@babel/helper-regex/-/helper-regex-7.0.0-beta.37.tgz#5bd439b6c22817c1afe4a9f6442c65ca79cfcef1"
  dependencies:
    lodash "^4.2.0"

"@babel/helper-remap-async-to-generator@7.0.0-beta.37":
  version "7.0.0-beta.37"
  resolved "https://registry.yarnpkg.com/@babel/helper-remap-async-to-generator/-/helper-remap-async-to-generator-7.0.0-beta.37.tgz#812827a4dd35ded898dbab9e8d72ce4fe72881d7"
  dependencies:
    "@babel/helper-annotate-as-pure" "7.0.0-beta.37"
    "@babel/helper-wrap-function" "7.0.0-beta.37"
    "@babel/template" "7.0.0-beta.37"
    "@babel/traverse" "7.0.0-beta.37"
    "@babel/types" "7.0.0-beta.37"

"@babel/helper-replace-supers@7.0.0-beta.37":
  version "7.0.0-beta.37"
  resolved "https://registry.yarnpkg.com/@babel/helper-replace-supers/-/helper-replace-supers-7.0.0-beta.37.tgz#d77c3195d502d7a7e2145b227d3a07eec91d19d0"
  dependencies:
    "@babel/helper-optimise-call-expression" "7.0.0-beta.37"
    "@babel/template" "7.0.0-beta.37"
    "@babel/traverse" "7.0.0-beta.37"
    "@babel/types" "7.0.0-beta.37"

"@babel/helper-simple-access@7.0.0-beta.37":
  version "7.0.0-beta.37"
  resolved "https://registry.yarnpkg.com/@babel/helper-simple-access/-/helper-simple-access-7.0.0-beta.37.tgz#55ec47b51d5e7240791112472087053142fbaee2"
  dependencies:
    "@babel/template" "7.0.0-beta.37"
    "@babel/types" "7.0.0-beta.37"
    lodash "^4.2.0"

"@babel/helper-wrap-function@7.0.0-beta.37":
  version "7.0.0-beta.37"
  resolved "https://registry.yarnpkg.com/@babel/helper-wrap-function/-/helper-wrap-function-7.0.0-beta.37.tgz#2a20694049099ea6a1762db46ee3817bd1f63256"
  dependencies:
    "@babel/helper-function-name" "7.0.0-beta.37"
    "@babel/template" "7.0.0-beta.37"
    "@babel/traverse" "7.0.0-beta.37"
    "@babel/types" "7.0.0-beta.37"

"@babel/helpers@7.0.0-beta.37":
  version "7.0.0-beta.37"
  resolved "https://registry.yarnpkg.com/@babel/helpers/-/helpers-7.0.0-beta.37.tgz#d811eef60749883b0249f48a00d681b8b3344a92"
  dependencies:
    "@babel/template" "7.0.0-beta.37"
    "@babel/traverse" "7.0.0-beta.37"
    "@babel/types" "7.0.0-beta.37"

"@babel/plugin-check-constants@7.0.0-beta.37":
  version "7.0.0-beta.37"
  resolved "https://registry.yarnpkg.com/@babel/plugin-check-constants/-/plugin-check-constants-7.0.0-beta.37.tgz#dfed9eed66a047f41d900e114b90858888e08222"

"@babel/plugin-proposal-async-generator-functions@7.0.0-beta.37":
  version "7.0.0-beta.37"
  resolved "https://registry.yarnpkg.com/@babel/plugin-proposal-async-generator-functions/-/plugin-proposal-async-generator-functions-7.0.0-beta.37.tgz#4c1f5635a06c84c6f1c880bb10f23ce4ae6f8d58"
  dependencies:
    "@babel/helper-remap-async-to-generator" "7.0.0-beta.37"
    "@babel/plugin-syntax-async-generators" "7.0.0-beta.37"

"@babel/plugin-proposal-class-properties@^7.0.0-beta.37":
  version "7.0.0-beta.37"
  resolved "https://registry.yarnpkg.com/@babel/plugin-proposal-class-properties/-/plugin-proposal-class-properties-7.0.0-beta.37.tgz#0991e720ed24fa452b02e86183aca8e890a8d2cf"
  dependencies:
    "@babel/helper-function-name" "7.0.0-beta.37"
    "@babel/plugin-syntax-class-properties" "7.0.0-beta.37"

"@babel/plugin-proposal-object-rest-spread@7.0.0-beta.37", "@babel/plugin-proposal-object-rest-spread@^7.0.0-beta.37":
  version "7.0.0-beta.37"
  resolved "https://registry.yarnpkg.com/@babel/plugin-proposal-object-rest-spread/-/plugin-proposal-object-rest-spread-7.0.0-beta.37.tgz#627d5c17f08c8c1878ff9dd5b46cbe1868ca2305"
  dependencies:
    "@babel/plugin-syntax-object-rest-spread" "7.0.0-beta.37"

"@babel/plugin-proposal-optional-catch-binding@7.0.0-beta.37":
  version "7.0.0-beta.37"
  resolved "https://registry.yarnpkg.com/@babel/plugin-proposal-optional-catch-binding/-/plugin-proposal-optional-catch-binding-7.0.0-beta.37.tgz#f00ed3ca6df309ab62d5dd414ec3e170945a85a2"
  dependencies:
    "@babel/plugin-syntax-optional-catch-binding" "7.0.0-beta.37"

"@babel/plugin-proposal-unicode-property-regex@7.0.0-beta.37":
  version "7.0.0-beta.37"
  resolved "https://registry.yarnpkg.com/@babel/plugin-proposal-unicode-property-regex/-/plugin-proposal-unicode-property-regex-7.0.0-beta.37.tgz#836f7df7571cee11cf749ed3c0e989a70570d14a"
  dependencies:
    "@babel/helper-regex" "7.0.0-beta.37"
    regexpu-core "^4.1.3"

"@babel/plugin-syntax-async-generators@7.0.0-beta.37":
  version "7.0.0-beta.37"
  resolved "https://registry.yarnpkg.com/@babel/plugin-syntax-async-generators/-/plugin-syntax-async-generators-7.0.0-beta.37.tgz#6c5d102534a9e7c0fa1af9b751756a1866b5d01a"

"@babel/plugin-syntax-class-properties@7.0.0-beta.37":
  version "7.0.0-beta.37"
  resolved "https://registry.yarnpkg.com/@babel/plugin-syntax-class-properties/-/plugin-syntax-class-properties-7.0.0-beta.37.tgz#5d4e4712ee57815ebe59e63fb084353a27e2671d"

"@babel/plugin-syntax-object-rest-spread@7.0.0-beta.37":
  version "7.0.0-beta.37"
  resolved "https://registry.yarnpkg.com/@babel/plugin-syntax-object-rest-spread/-/plugin-syntax-object-rest-spread-7.0.0-beta.37.tgz#52a6cac2234ff859e21a8ced4d794bbe43210561"

"@babel/plugin-syntax-optional-catch-binding@7.0.0-beta.37":
  version "7.0.0-beta.37"
  resolved "https://registry.yarnpkg.com/@babel/plugin-syntax-optional-catch-binding/-/plugin-syntax-optional-catch-binding-7.0.0-beta.37.tgz#d0fe8d2d8d301eb677696eecf159a3089d57b23a"

"@babel/plugin-transform-arrow-functions@7.0.0-beta.37":
  version "7.0.0-beta.37"
  resolved "https://registry.yarnpkg.com/@babel/plugin-transform-arrow-functions/-/plugin-transform-arrow-functions-7.0.0-beta.37.tgz#864143f7893dd892b687219d450db5d3d2e91ecb"

"@babel/plugin-transform-async-to-generator@7.0.0-beta.37":
  version "7.0.0-beta.37"
  resolved "https://registry.yarnpkg.com/@babel/plugin-transform-async-to-generator/-/plugin-transform-async-to-generator-7.0.0-beta.37.tgz#e48e1feb9c70cb538b1545d7e360beb2cb6962ed"
  dependencies:
    "@babel/helper-module-imports" "7.0.0-beta.37"
    "@babel/helper-remap-async-to-generator" "7.0.0-beta.37"

"@babel/plugin-transform-block-scoped-functions@7.0.0-beta.37":
  version "7.0.0-beta.37"
  resolved "https://registry.yarnpkg.com/@babel/plugin-transform-block-scoped-functions/-/plugin-transform-block-scoped-functions-7.0.0-beta.37.tgz#e241566399b0fe8fa1c4dfeeeed45f930796916a"

"@babel/plugin-transform-block-scoping@7.0.0-beta.37":
  version "7.0.0-beta.37"
  resolved "https://registry.yarnpkg.com/@babel/plugin-transform-block-scoping/-/plugin-transform-block-scoping-7.0.0-beta.37.tgz#9127cd51ed6a88caba4ea9a6f6ea017dd8c9d861"
  dependencies:
    lodash "^4.2.0"

"@babel/plugin-transform-classes@7.0.0-beta.37":
  version "7.0.0-beta.37"
  resolved "https://registry.yarnpkg.com/@babel/plugin-transform-classes/-/plugin-transform-classes-7.0.0-beta.37.tgz#a933772d1ea55ed16ebe2cb85a1f6f7e482b4e41"
  dependencies:
    "@babel/helper-annotate-as-pure" "7.0.0-beta.37"
    "@babel/helper-define-map" "7.0.0-beta.37"
    "@babel/helper-function-name" "7.0.0-beta.37"
    "@babel/helper-optimise-call-expression" "7.0.0-beta.37"
    "@babel/helper-replace-supers" "7.0.0-beta.37"
    globals "^11.1.0"

"@babel/plugin-transform-computed-properties@7.0.0-beta.37":
  version "7.0.0-beta.37"
  resolved "https://registry.yarnpkg.com/@babel/plugin-transform-computed-properties/-/plugin-transform-computed-properties-7.0.0-beta.37.tgz#f0b008f72f5a57320d9743abeb29e84a45e6c8c1"

"@babel/plugin-transform-destructuring@7.0.0-beta.37":
  version "7.0.0-beta.37"
  resolved "https://registry.yarnpkg.com/@babel/plugin-transform-destructuring/-/plugin-transform-destructuring-7.0.0-beta.37.tgz#f1d5a6303504329afa9bbd04415b5a9530bcc636"

"@babel/plugin-transform-dotall-regex@7.0.0-beta.37":
  version "7.0.0-beta.37"
  resolved "https://registry.yarnpkg.com/@babel/plugin-transform-dotall-regex/-/plugin-transform-dotall-regex-7.0.0-beta.37.tgz#805cbb032591eb490777f1b1b80516aee65e5fb4"
  dependencies:
    "@babel/helper-regex" "7.0.0-beta.37"
    regexpu-core "^4.1.3"

"@babel/plugin-transform-duplicate-keys@7.0.0-beta.37":
  version "7.0.0-beta.37"
  resolved "https://registry.yarnpkg.com/@babel/plugin-transform-duplicate-keys/-/plugin-transform-duplicate-keys-7.0.0-beta.37.tgz#beb7b2e36af714ad25eb10d84a571a42cca10c9c"

"@babel/plugin-transform-exponentiation-operator@7.0.0-beta.37":
  version "7.0.0-beta.37"
  resolved "https://registry.yarnpkg.com/@babel/plugin-transform-exponentiation-operator/-/plugin-transform-exponentiation-operator-7.0.0-beta.37.tgz#dd654935596337ddf7982f0461bebbab7fc963fd"
  dependencies:
    "@babel/helper-builder-binary-assignment-operator-visitor" "7.0.0-beta.37"

"@babel/plugin-transform-for-of@7.0.0-beta.37":
  version "7.0.0-beta.37"
  resolved "https://registry.yarnpkg.com/@babel/plugin-transform-for-of/-/plugin-transform-for-of-7.0.0-beta.37.tgz#c02c9c0fcb8dc2aa928e9595d831d590e28fa765"

"@babel/plugin-transform-function-name@7.0.0-beta.37":
  version "7.0.0-beta.37"
  resolved "https://registry.yarnpkg.com/@babel/plugin-transform-function-name/-/plugin-transform-function-name-7.0.0-beta.37.tgz#405569043850f07f51b6a34ff9dd60228afabe62"
  dependencies:
    "@babel/helper-function-name" "7.0.0-beta.37"

"@babel/plugin-transform-literals@7.0.0-beta.37":
  version "7.0.0-beta.37"
  resolved "https://registry.yarnpkg.com/@babel/plugin-transform-literals/-/plugin-transform-literals-7.0.0-beta.37.tgz#a416145570366aefa7eb847134f3e1866272abad"

"@babel/plugin-transform-modules-amd@7.0.0-beta.37":
  version "7.0.0-beta.37"
  resolved "https://registry.yarnpkg.com/@babel/plugin-transform-modules-amd/-/plugin-transform-modules-amd-7.0.0-beta.37.tgz#efdd1014d6a8d7b2a53750a2ac9f77b1ce9c3600"
  dependencies:
    "@babel/helper-module-transforms" "7.0.0-beta.37"

"@babel/plugin-transform-modules-commonjs@7.0.0-beta.37", "@babel/plugin-transform-modules-commonjs@^7.0.0-beta.37":
  version "7.0.0-beta.37"
  resolved "https://registry.yarnpkg.com/@babel/plugin-transform-modules-commonjs/-/plugin-transform-modules-commonjs-7.0.0-beta.37.tgz#2a467682feec84acc520dc7bb57a6f5f9acf345c"
  dependencies:
    "@babel/helper-module-transforms" "7.0.0-beta.37"
    "@babel/helper-simple-access" "7.0.0-beta.37"

"@babel/plugin-transform-modules-systemjs@7.0.0-beta.37":
  version "7.0.0-beta.37"
  resolved "https://registry.yarnpkg.com/@babel/plugin-transform-modules-systemjs/-/plugin-transform-modules-systemjs-7.0.0-beta.37.tgz#9459dd8651b1746332feb8cd48e76a60c1df6480"
  dependencies:
    "@babel/helper-hoist-variables" "7.0.0-beta.37"

"@babel/plugin-transform-modules-umd@7.0.0-beta.37":
  version "7.0.0-beta.37"
  resolved "https://registry.yarnpkg.com/@babel/plugin-transform-modules-umd/-/plugin-transform-modules-umd-7.0.0-beta.37.tgz#937ac9cf4f00e162d4a5e860487ee89c389c2907"
  dependencies:
    "@babel/helper-module-transforms" "7.0.0-beta.37"

"@babel/plugin-transform-new-target@7.0.0-beta.37":
  version "7.0.0-beta.37"
  resolved "https://registry.yarnpkg.com/@babel/plugin-transform-new-target/-/plugin-transform-new-target-7.0.0-beta.37.tgz#ba6869bfc8ffe1d409bc12eb4a5266255a7f8ec6"

"@babel/plugin-transform-object-super@7.0.0-beta.37":
  version "7.0.0-beta.37"
  resolved "https://registry.yarnpkg.com/@babel/plugin-transform-object-super/-/plugin-transform-object-super-7.0.0-beta.37.tgz#43d12ac6435e5656303b2f5572f4560551c0de4f"
  dependencies:
    "@babel/helper-replace-supers" "7.0.0-beta.37"

"@babel/plugin-transform-parameters@7.0.0-beta.37", "@babel/plugin-transform-parameters@^7.0.0-beta.37":
  version "7.0.0-beta.37"
  resolved "https://registry.yarnpkg.com/@babel/plugin-transform-parameters/-/plugin-transform-parameters-7.0.0-beta.37.tgz#fd91c729acd665a86da0b93041e38ea9669b5244"
  dependencies:
    "@babel/helper-call-delegate" "7.0.0-beta.37"
    "@babel/helper-get-function-arity" "7.0.0-beta.37"

"@babel/plugin-transform-regenerator@7.0.0-beta.37", "@babel/plugin-transform-regenerator@^7.0.0-beta.37":
  version "7.0.0-beta.37"
  resolved "https://registry.yarnpkg.com/@babel/plugin-transform-regenerator/-/plugin-transform-regenerator-7.0.0-beta.37.tgz#820e2afcafd0b71c818acb1e029de8a0bc52c880"
  dependencies:
    regenerator-transform "^0.12.3"

"@babel/plugin-transform-runtime@^7.0.0-beta.37":
  version "7.0.0-beta.37"
  resolved "https://registry.yarnpkg.com/@babel/plugin-transform-runtime/-/plugin-transform-runtime-7.0.0-beta.37.tgz#08e4cc28a273be09d2d5e37e4f2ae17deb38deea"
  dependencies:
    "@babel/helper-module-imports" "7.0.0-beta.37"

"@babel/plugin-transform-shorthand-properties@7.0.0-beta.37":
  version "7.0.0-beta.37"
  resolved "https://registry.yarnpkg.com/@babel/plugin-transform-shorthand-properties/-/plugin-transform-shorthand-properties-7.0.0-beta.37.tgz#39c39b513ed7965a4f7eb0b6569e3caa57e441b0"

"@babel/plugin-transform-spread@7.0.0-beta.37":
  version "7.0.0-beta.37"
  resolved "https://registry.yarnpkg.com/@babel/plugin-transform-spread/-/plugin-transform-spread-7.0.0-beta.37.tgz#1ce979ce9d336576611e2edec10cd590ff13164c"

"@babel/plugin-transform-sticky-regex@7.0.0-beta.37":
  version "7.0.0-beta.37"
  resolved "https://registry.yarnpkg.com/@babel/plugin-transform-sticky-regex/-/plugin-transform-sticky-regex-7.0.0-beta.37.tgz#49c7183ddb19d207351d6890a251a9f095c70543"
  dependencies:
    "@babel/helper-regex" "7.0.0-beta.37"

"@babel/plugin-transform-template-literals@7.0.0-beta.37":
  version "7.0.0-beta.37"
  resolved "https://registry.yarnpkg.com/@babel/plugin-transform-template-literals/-/plugin-transform-template-literals-7.0.0-beta.37.tgz#1f91ef63fa71f1252f2fa24cb57741f5280f9682"
  dependencies:
    "@babel/helper-annotate-as-pure" "7.0.0-beta.37"

"@babel/plugin-transform-typeof-symbol@7.0.0-beta.37":
  version "7.0.0-beta.37"
  resolved "https://registry.yarnpkg.com/@babel/plugin-transform-typeof-symbol/-/plugin-transform-typeof-symbol-7.0.0-beta.37.tgz#50706473552b094f00506fe86f86c7bd2db86bc2"

"@babel/plugin-transform-unicode-regex@7.0.0-beta.37":
  version "7.0.0-beta.37"
  resolved "https://registry.yarnpkg.com/@babel/plugin-transform-unicode-regex/-/plugin-transform-unicode-regex-7.0.0-beta.37.tgz#b29b1b2c1282d73880993b27a9f3d6af43b3e675"
  dependencies:
    "@babel/helper-regex" "7.0.0-beta.37"
    regexpu-core "^4.1.3"

"@babel/preset-env@^7.0.0-beta.37":
  version "7.0.0-beta.37"
  resolved "https://registry.yarnpkg.com/@babel/preset-env/-/preset-env-7.0.0-beta.37.tgz#cfaa9e2ef114a0a64429081a0560326568c51e92"
  dependencies:
    "@babel/plugin-check-constants" "7.0.0-beta.37"
    "@babel/plugin-proposal-async-generator-functions" "7.0.0-beta.37"
    "@babel/plugin-proposal-object-rest-spread" "7.0.0-beta.37"
    "@babel/plugin-proposal-optional-catch-binding" "7.0.0-beta.37"
    "@babel/plugin-proposal-unicode-property-regex" "7.0.0-beta.37"
    "@babel/plugin-syntax-async-generators" "7.0.0-beta.37"
    "@babel/plugin-syntax-object-rest-spread" "7.0.0-beta.37"
    "@babel/plugin-syntax-optional-catch-binding" "7.0.0-beta.37"
    "@babel/plugin-transform-arrow-functions" "7.0.0-beta.37"
    "@babel/plugin-transform-async-to-generator" "7.0.0-beta.37"
    "@babel/plugin-transform-block-scoped-functions" "7.0.0-beta.37"
    "@babel/plugin-transform-block-scoping" "7.0.0-beta.37"
    "@babel/plugin-transform-classes" "7.0.0-beta.37"
    "@babel/plugin-transform-computed-properties" "7.0.0-beta.37"
    "@babel/plugin-transform-destructuring" "7.0.0-beta.37"
    "@babel/plugin-transform-dotall-regex" "7.0.0-beta.37"
    "@babel/plugin-transform-duplicate-keys" "7.0.0-beta.37"
    "@babel/plugin-transform-exponentiation-operator" "7.0.0-beta.37"
    "@babel/plugin-transform-for-of" "7.0.0-beta.37"
    "@babel/plugin-transform-function-name" "7.0.0-beta.37"
    "@babel/plugin-transform-literals" "7.0.0-beta.37"
    "@babel/plugin-transform-modules-amd" "7.0.0-beta.37"
    "@babel/plugin-transform-modules-commonjs" "7.0.0-beta.37"
    "@babel/plugin-transform-modules-systemjs" "7.0.0-beta.37"
    "@babel/plugin-transform-modules-umd" "7.0.0-beta.37"
    "@babel/plugin-transform-new-target" "7.0.0-beta.37"
    "@babel/plugin-transform-object-super" "7.0.0-beta.37"
    "@babel/plugin-transform-parameters" "7.0.0-beta.37"
    "@babel/plugin-transform-regenerator" "7.0.0-beta.37"
    "@babel/plugin-transform-shorthand-properties" "7.0.0-beta.37"
    "@babel/plugin-transform-spread" "7.0.0-beta.37"
    "@babel/plugin-transform-sticky-regex" "7.0.0-beta.37"
    "@babel/plugin-transform-template-literals" "7.0.0-beta.37"
    "@babel/plugin-transform-typeof-symbol" "7.0.0-beta.37"
    "@babel/plugin-transform-unicode-regex" "7.0.0-beta.37"
    browserslist "^2.4.0"
    invariant "^2.2.2"
    semver "^5.3.0"

"@babel/runtime@^7.0.0-beta.37":
  version "7.0.0-beta.37"
  resolved "https://registry.yarnpkg.com/@babel/runtime/-/runtime-7.0.0-beta.37.tgz#a717c99db91d64e988788bcf9df68a7779bbc98d"
  dependencies:
    core-js "^2.4.0"
    regenerator-runtime "^0.11.1"

"@babel/template@7.0.0-beta.37":
  version "7.0.0-beta.37"
  resolved "https://registry.yarnpkg.com/@babel/template/-/template-7.0.0-beta.37.tgz#d51a5c8c7bfc1ff08f3623231b7d388a9e9b3570"
  dependencies:
    "@babel/code-frame" "7.0.0-beta.37"
    "@babel/types" "7.0.0-beta.37"
    babylon "7.0.0-beta.37"
    lodash "^4.2.0"

"@babel/traverse@7.0.0-beta.37":
  version "7.0.0-beta.37"
  resolved "https://registry.yarnpkg.com/@babel/traverse/-/traverse-7.0.0-beta.37.tgz#50fe6d841521cebb1486cf5e398f34b007a86812"
  dependencies:
    "@babel/code-frame" "7.0.0-beta.37"
    "@babel/helper-function-name" "7.0.0-beta.37"
    "@babel/types" "7.0.0-beta.37"
    babylon "7.0.0-beta.37"
    debug "^3.0.1"
    globals "^11.1.0"
    invariant "^2.2.0"
    lodash "^4.2.0"

"@babel/types@7.0.0-beta.37":
  version "7.0.0-beta.37"
  resolved "https://registry.yarnpkg.com/@babel/types/-/types-7.0.0-beta.37.tgz#fa93af9aa9d85c331729bb923495af04d9b0617d"
  dependencies:
    esutils "^2.0.2"
    lodash "^4.2.0"
    to-fast-properties "^2.0.0"

ansi-styles@^3.1.0:
  version "3.2.0"
  resolved "https://registry.yarnpkg.com/ansi-styles/-/ansi-styles-3.2.0.tgz#c159b8d5be0f9e5a6f346dab94f16ce022161b88"
  dependencies:
    color-convert "^1.9.0"

arr-diff@^2.0.0:
  version "2.0.0"
  resolved "https://registry.yarnpkg.com/arr-diff/-/arr-diff-2.0.0.tgz#8f3b827f955a8bd669697e4a4256ac3ceae356cf"
  dependencies:
    arr-flatten "^1.0.1"

arr-flatten@^1.0.1:
  version "1.1.0"
  resolved "https://registry.yarnpkg.com/arr-flatten/-/arr-flatten-1.1.0.tgz#36048bbff4e7b47e136644316c99669ea5ae91f1"

array-unique@^0.2.1:
  version "0.2.1"
  resolved "https://registry.yarnpkg.com/array-unique/-/array-unique-0.2.1.tgz#a1d97ccafcbc2625cc70fadceb36a50c58b01a53"

babel-loader@^7.1.2:
  version "7.1.2"
  resolved "https://registry.yarnpkg.com/babel-loader/-/babel-loader-7.1.2.tgz#f6cbe122710f1aa2af4d881c6d5b54358ca24126"
  dependencies:
    find-cache-dir "^1.0.0"
    loader-utils "^1.0.2"
    mkdirp "^0.5.1"

babylon@7.0.0-beta.37:
  version "7.0.0-beta.37"
  resolved "https://registry.yarnpkg.com/babylon/-/babylon-7.0.0-beta.37.tgz#55a9eacab576c2d5e2832bc7b49a567e7c64bbc9"

big.js@^3.1.3:
  version "3.2.0"
  resolved "https://registry.yarnpkg.com/big.js/-/big.js-3.2.0.tgz#a5fc298b81b9e0dca2e458824784b65c52ba588e"

braces@^1.8.2:
  version "1.8.5"
  resolved "https://registry.yarnpkg.com/braces/-/braces-1.8.5.tgz#ba77962e12dff969d6b76711e914b737857bf6a7"
  dependencies:
    expand-range "^1.8.1"
    preserve "^0.2.0"
    repeat-element "^1.1.2"

browserslist@^2.4.0:
  version "2.11.3"
  resolved "https://registry.yarnpkg.com/browserslist/-/browserslist-2.11.3.tgz#fe36167aed1bbcde4827ebfe71347a2cc70b99b2"
  dependencies:
    caniuse-lite "^1.0.30000792"
    electron-to-chromium "^1.3.30"

caniuse-lite@^1.0.30000792:
  version "1.0.30000792"
  resolved "https://registry.yarnpkg.com/caniuse-lite/-/caniuse-lite-1.0.30000792.tgz#d0cea981f8118f3961471afbb43c9a1e5bbf0332"

chalk@^2.0.0:
  version "2.3.0"
  resolved "https://registry.yarnpkg.com/chalk/-/chalk-2.3.0.tgz#b5ea48efc9c1793dccc9b4767c93914d3f2d52ba"
  dependencies:
    ansi-styles "^3.1.0"
    escape-string-regexp "^1.0.5"
    supports-color "^4.0.0"

color-convert@^1.9.0:
  version "1.9.1"
  resolved "https://registry.yarnpkg.com/color-convert/-/color-convert-1.9.1.tgz#c1261107aeb2f294ebffec9ed9ecad529a6097ed"
  dependencies:
    color-name "^1.1.1"

color-name@^1.1.1:
  version "1.1.3"
  resolved "https://registry.yarnpkg.com/color-name/-/color-name-1.1.3.tgz#a7d0558bd89c42f795dd42328f740831ca53bc25"

commondir@^1.0.1:
  version "1.0.1"
  resolved "https://registry.yarnpkg.com/commondir/-/commondir-1.0.1.tgz#ddd800da0c66127393cca5950ea968a3aaf1253b"

convert-source-map@^1.1.0:
  version "1.5.1"
  resolved "https://registry.yarnpkg.com/convert-source-map/-/convert-source-map-1.5.1.tgz#b8278097b9bc229365de5c62cf5fcaed8b5599e5"

core-js@^2.4.0:
  version "2.4.1"
  resolved "https://registry.yarnpkg.com/core-js/-/core-js-2.4.1.tgz#4de911e667b0eae9124e34254b53aea6fc618d3e"

debug@^3.0.1:
  version "3.1.0"
  resolved "https://registry.yarnpkg.com/debug/-/debug-3.1.0.tgz#5bb5a0672628b64149566ba16819e61518c67261"
  dependencies:
    ms "2.0.0"

electron-releases@^2.1.0:
  version "2.1.0"
  resolved "https://registry.yarnpkg.com/electron-releases/-/electron-releases-2.1.0.tgz#c5614bf811f176ce3c836e368a0625782341fd4e"

electron-to-chromium@^1.3.30:
  version "1.3.30"
  resolved "https://registry.yarnpkg.com/electron-to-chromium/-/electron-to-chromium-1.3.30.tgz#9666f532a64586651fc56a72513692e820d06a80"
  dependencies:
    electron-releases "^2.1.0"

emojis-list@^2.0.0:
  version "2.1.0"
  resolved "https://registry.yarnpkg.com/emojis-list/-/emojis-list-2.1.0.tgz#4daa4d9db00f9819880c79fa457ae5b09a1fd389"

escape-string-regexp@^1.0.5:
  version "1.0.5"
  resolved "https://registry.yarnpkg.com/escape-string-regexp/-/escape-string-regexp-1.0.5.tgz#1b61c0562190a8dff6ae3bb2cf0200ca130b86d4"

esutils@^2.0.2:
  version "2.0.2"
  resolved "https://registry.yarnpkg.com/esutils/-/esutils-2.0.2.tgz#0abf4f1caa5bcb1f7a9d8acc6dea4faaa04bac9b"

expand-brackets@^0.1.4:
  version "0.1.5"
  resolved "https://registry.yarnpkg.com/expand-brackets/-/expand-brackets-0.1.5.tgz#df07284e342a807cd733ac5af72411e581d1177b"
  dependencies:
    is-posix-bracket "^0.1.0"

expand-range@^1.8.1:
  version "1.8.2"
  resolved "https://registry.yarnpkg.com/expand-range/-/expand-range-1.8.2.tgz#a299effd335fe2721ebae8e257ec79644fc85337"
  dependencies:
    fill-range "^2.1.0"

extglob@^0.3.1:
  version "0.3.2"
  resolved "https://registry.yarnpkg.com/extglob/-/extglob-0.3.2.tgz#2e18ff3d2f49ab2765cec9023f011daa8d8349a1"
  dependencies:
    is-extglob "^1.0.0"

filename-regex@^2.0.0:
  version "2.0.1"
  resolved "https://registry.yarnpkg.com/filename-regex/-/filename-regex-2.0.1.tgz#c1c4b9bee3e09725ddb106b75c1e301fe2f18b26"

fill-range@^2.1.0:
  version "2.2.3"
  resolved "https://registry.yarnpkg.com/fill-range/-/fill-range-2.2.3.tgz#50b77dfd7e469bc7492470963699fe7a8485a723"
  dependencies:
    is-number "^2.1.0"
    isobject "^2.0.0"
    randomatic "^1.1.3"
    repeat-element "^1.1.2"
    repeat-string "^1.5.2"

find-cache-dir@^1.0.0:
  version "1.0.0"
  resolved "https://registry.yarnpkg.com/find-cache-dir/-/find-cache-dir-1.0.0.tgz#9288e3e9e3cc3748717d39eade17cf71fc30ee6f"
  dependencies:
    commondir "^1.0.1"
    make-dir "^1.0.0"
    pkg-dir "^2.0.0"

find-up@^2.1.0:
  version "2.1.0"
  resolved "https://registry.yarnpkg.com/find-up/-/find-up-2.1.0.tgz#45d1b7e506c717ddd482775a2b77920a3c0c57a7"
  dependencies:
    locate-path "^2.0.0"

for-in@^1.0.1:
  version "1.0.2"
  resolved "https://registry.yarnpkg.com/for-in/-/for-in-1.0.2.tgz#81068d295a8142ec0ac726c6e2200c30fb6d5e80"

for-own@^0.1.4:
  version "0.1.5"
  resolved "https://registry.yarnpkg.com/for-own/-/for-own-0.1.5.tgz#5265c681a4f294dabbf17c9509b6763aa84510ce"
  dependencies:
    for-in "^1.0.1"

glob-base@^0.3.0:
  version "0.3.0"
  resolved "https://registry.yarnpkg.com/glob-base/-/glob-base-0.3.0.tgz#dbb164f6221b1c0b1ccf82aea328b497df0ea3c4"
  dependencies:
    glob-parent "^2.0.0"
    is-glob "^2.0.0"

glob-parent@^2.0.0:
  version "2.0.0"
  resolved "https://registry.yarnpkg.com/glob-parent/-/glob-parent-2.0.0.tgz#81383d72db054fcccf5336daa902f182f6edbb28"
  dependencies:
    is-glob "^2.0.0"

globals@^11.1.0:
  version "11.1.0"
  resolved "https://registry.yarnpkg.com/globals/-/globals-11.1.0.tgz#632644457f5f0e3ae711807183700ebf2e4633e4"

has-flag@^2.0.0:
  version "2.0.0"
  resolved "https://registry.yarnpkg.com/has-flag/-/has-flag-2.0.0.tgz#e8207af1cc7b30d446cc70b734b5e8be18f88d51"

invariant@^2.2.0, invariant@^2.2.2:
  version "2.2.2"
  resolved "https://registry.yarnpkg.com/invariant/-/invariant-2.2.2.tgz#9e1f56ac0acdb6bf303306f338be3b204ae60360"
  dependencies:
    loose-envify "^1.0.0"

is-buffer@^1.1.5:
  version "1.1.6"
  resolved "https://registry.yarnpkg.com/is-buffer/-/is-buffer-1.1.6.tgz#efaa2ea9daa0d7ab2ea13a97b2b8ad51fefbe8be"

is-dotfile@^1.0.0:
  version "1.0.3"
  resolved "https://registry.yarnpkg.com/is-dotfile/-/is-dotfile-1.0.3.tgz#a6a2f32ffd2dfb04f5ca25ecd0f6b83cf798a1e1"

is-equal-shallow@^0.1.3:
  version "0.1.3"
  resolved "https://registry.yarnpkg.com/is-equal-shallow/-/is-equal-shallow-0.1.3.tgz#2238098fc221de0bcfa5d9eac4c45d638aa1c534"
  dependencies:
    is-primitive "^2.0.0"

is-extendable@^0.1.1:
  version "0.1.1"
  resolved "https://registry.yarnpkg.com/is-extendable/-/is-extendable-0.1.1.tgz#62b110e289a471418e3ec36a617d472e301dfc89"

is-extglob@^1.0.0:
  version "1.0.0"
  resolved "https://registry.yarnpkg.com/is-extglob/-/is-extglob-1.0.0.tgz#ac468177c4943405a092fc8f29760c6ffc6206c0"

is-glob@^2.0.0, is-glob@^2.0.1:
  version "2.0.1"
  resolved "https://registry.yarnpkg.com/is-glob/-/is-glob-2.0.1.tgz#d096f926a3ded5600f3fdfd91198cb0888c2d863"
  dependencies:
    is-extglob "^1.0.0"

is-number@^2.1.0:
  version "2.1.0"
  resolved "https://registry.yarnpkg.com/is-number/-/is-number-2.1.0.tgz#01fcbbb393463a548f2f466cce16dece49db908f"
  dependencies:
    kind-of "^3.0.2"

is-number@^3.0.0:
  version "3.0.0"
  resolved "https://registry.yarnpkg.com/is-number/-/is-number-3.0.0.tgz#24fd6201a4782cf50561c810276afc7d12d71195"
  dependencies:
    kind-of "^3.0.2"

is-posix-bracket@^0.1.0:
  version "0.1.1"
  resolved "https://registry.yarnpkg.com/is-posix-bracket/-/is-posix-bracket-0.1.1.tgz#3334dc79774368e92f016e6fbc0a88f5cd6e6bc4"

is-primitive@^2.0.0:
  version "2.0.0"
  resolved "https://registry.yarnpkg.com/is-primitive/-/is-primitive-2.0.0.tgz#207bab91638499c07b2adf240a41a87210034575"

isarray@1.0.0:
  version "1.0.0"
  resolved "https://registry.yarnpkg.com/isarray/-/isarray-1.0.0.tgz#bb935d48582cba168c06834957a54a3e07124f11"

isobject@^2.0.0:
  version "2.1.0"
  resolved "https://registry.yarnpkg.com/isobject/-/isobject-2.1.0.tgz#f065561096a3f1da2ef46272f815c840d87e0c89"
  dependencies:
    isarray "1.0.0"

js-tokens@^3.0.0:
  version "3.0.1"
  resolved "https://registry.yarnpkg.com/js-tokens/-/js-tokens-3.0.1.tgz#08e9f132484a2c45a30907e9dc4d5567b7f114d7"

jsesc@^2.5.1:
  version "2.5.1"
  resolved "https://registry.yarnpkg.com/jsesc/-/jsesc-2.5.1.tgz#e421a2a8e20d6b0819df28908f782526b96dd1fe"

jsesc@~0.5.0:
  version "0.5.0"
  resolved "https://registry.yarnpkg.com/jsesc/-/jsesc-0.5.0.tgz#e7dee66e35d6fc16f710fe91d5cf69f70f08911d"

json5@^0.5.0:
  version "0.5.1"
  resolved "https://registry.yarnpkg.com/json5/-/json5-0.5.1.tgz#1eade7acc012034ad84e2396767ead9fa5495821"

kind-of@^3.0.2:
  version "3.2.2"
  resolved "https://registry.yarnpkg.com/kind-of/-/kind-of-3.2.2.tgz#31ea21a734bab9bbb0f32466d893aea51e4a3c64"
  dependencies:
    is-buffer "^1.1.5"

kind-of@^4.0.0:
  version "4.0.0"
  resolved "https://registry.yarnpkg.com/kind-of/-/kind-of-4.0.0.tgz#20813df3d712928b207378691a45066fae72dd57"
  dependencies:
    is-buffer "^1.1.5"

loader-utils@^1.0.2:
  version "1.1.0"
  resolved "https://registry.yarnpkg.com/loader-utils/-/loader-utils-1.1.0.tgz#c98aef488bcceda2ffb5e2de646d6a754429f5cd"
  dependencies:
    big.js "^3.1.3"
    emojis-list "^2.0.0"
    json5 "^0.5.0"

locate-path@^2.0.0:
  version "2.0.0"
  resolved "https://registry.yarnpkg.com/locate-path/-/locate-path-2.0.0.tgz#2b568b265eec944c6d9c0de9c3dbbbca0354cd8e"
  dependencies:
    p-locate "^2.0.0"
    path-exists "^3.0.0"

lodash@^4.2.0:
  version "4.17.4"
  resolved "https://registry.yarnpkg.com/lodash/-/lodash-4.17.4.tgz#78203a4d1c328ae1d86dca6460e369b57f4055ae"

loose-envify@^1.0.0:
  version "1.3.1"
  resolved "https://registry.yarnpkg.com/loose-envify/-/loose-envify-1.3.1.tgz#d1a8ad33fa9ce0e713d65fdd0ac8b748d478c848"
  dependencies:
    js-tokens "^3.0.0"

make-dir@^1.0.0:
  version "1.1.0"
  resolved "https://registry.yarnpkg.com/make-dir/-/make-dir-1.1.0.tgz#19b4369fe48c116f53c2af95ad102c0e39e85d51"
  dependencies:
    pify "^3.0.0"

micromatch@^2.3.11:
  version "2.3.11"
  resolved "https://registry.yarnpkg.com/micromatch/-/micromatch-2.3.11.tgz#86677c97d1720b363431d04d0d15293bd38c1565"
  dependencies:
    arr-diff "^2.0.0"
    array-unique "^0.2.1"
    braces "^1.8.2"
    expand-brackets "^0.1.4"
    extglob "^0.3.1"
    filename-regex "^2.0.0"
    is-extglob "^1.0.0"
    is-glob "^2.0.1"
    kind-of "^3.0.2"
    normalize-path "^2.0.1"
    object.omit "^2.0.0"
    parse-glob "^3.0.4"
    regex-cache "^0.4.2"

minimist@0.0.8:
  version "0.0.8"
  resolved "https://registry.yarnpkg.com/minimist/-/minimist-0.0.8.tgz#857fcabfc3397d2625b8228262e86aa7a011b05d"

mkdirp@^0.5.1:
  version "0.5.1"
  resolved "https://registry.yarnpkg.com/mkdirp/-/mkdirp-0.5.1.tgz#30057438eac6cf7f8c4767f38648d6697d75c903"
  dependencies:
    minimist "0.0.8"

ms@2.0.0:
  version "2.0.0"
  resolved "https://registry.yarnpkg.com/ms/-/ms-2.0.0.tgz#5608aeadfc00be6c2901df5f9861788de0d597c8"

normalize-path@^2.0.1:
  version "2.1.1"
  resolved "https://registry.yarnpkg.com/normalize-path/-/normalize-path-2.1.1.tgz#1ab28b556e198363a8c1a6f7e6fa20137fe6aed9"
  dependencies:
    remove-trailing-separator "^1.0.1"

object.omit@^2.0.0:
  version "2.0.1"
  resolved "https://registry.yarnpkg.com/object.omit/-/object.omit-2.0.1.tgz#1a9c744829f39dbb858c76ca3579ae2a54ebd1fa"
  dependencies:
    for-own "^0.1.4"
    is-extendable "^0.1.1"

p-limit@^1.1.0:
  version "1.2.0"
  resolved "https://registry.yarnpkg.com/p-limit/-/p-limit-1.2.0.tgz#0e92b6bedcb59f022c13d0f1949dc82d15909f1c"
  dependencies:
    p-try "^1.0.0"

p-locate@^2.0.0:
  version "2.0.0"
  resolved "https://registry.yarnpkg.com/p-locate/-/p-locate-2.0.0.tgz#20a0103b222a70c8fd39cc2e580680f3dde5ec43"
  dependencies:
    p-limit "^1.1.0"

p-try@^1.0.0:
  version "1.0.0"
  resolved "https://registry.yarnpkg.com/p-try/-/p-try-1.0.0.tgz#cbc79cdbaf8fd4228e13f621f2b1a237c1b207b3"

parse-glob@^3.0.4:
  version "3.0.4"
  resolved "https://registry.yarnpkg.com/parse-glob/-/parse-glob-3.0.4.tgz#b2c376cfb11f35513badd173ef0bb6e3a388391c"
  dependencies:
    glob-base "^0.3.0"
    is-dotfile "^1.0.0"
    is-extglob "^1.0.0"
    is-glob "^2.0.0"

path-exists@^3.0.0:
  version "3.0.0"
  resolved "https://registry.yarnpkg.com/path-exists/-/path-exists-3.0.0.tgz#ce0ebeaa5f78cb18925ea7d810d7b59b010fd515"

path-parse@^1.0.5:
  version "1.0.5"
  resolved "https://registry.yarnpkg.com/path-parse/-/path-parse-1.0.5.tgz#3c1adf871ea9cd6c9431b6ea2bd74a0ff055c4c1"

pify@^3.0.0:
  version "3.0.0"
  resolved "https://registry.yarnpkg.com/pify/-/pify-3.0.0.tgz#e5a4acd2c101fdf3d9a4d07f0dbc4db49dd28176"

pkg-dir@^2.0.0:
  version "2.0.0"
  resolved "https://registry.yarnpkg.com/pkg-dir/-/pkg-dir-2.0.0.tgz#f6d5d1109e19d63edf428e0bd57e12777615334b"
  dependencies:
    find-up "^2.1.0"

preserve@^0.2.0:
  version "0.2.0"
  resolved "https://registry.yarnpkg.com/preserve/-/preserve-0.2.0.tgz#815ed1f6ebc65926f865b310c0713bcb3315ce4b"

private@^0.1.6:
  version "0.1.7"
  resolved "https://registry.yarnpkg.com/private/-/private-0.1.7.tgz#68ce5e8a1ef0a23bb570cc28537b5332aba63ef1"

randomatic@^1.1.3:
  version "1.1.7"
  resolved "https://registry.yarnpkg.com/randomatic/-/randomatic-1.1.7.tgz#c7abe9cc8b87c0baa876b19fde83fd464797e38c"
  dependencies:
    is-number "^3.0.0"
    kind-of "^4.0.0"

regenerate-unicode-properties@^5.1.1:
  version "5.1.3"
  resolved "https://registry.yarnpkg.com/regenerate-unicode-properties/-/regenerate-unicode-properties-5.1.3.tgz#54f5891543468f36f2274b67c6bc4c033c27b308"
  dependencies:
    regenerate "^1.3.3"

regenerate@^1.3.3:
  version "1.3.3"
  resolved "https://registry.yarnpkg.com/regenerate/-/regenerate-1.3.3.tgz#0c336d3980553d755c39b586ae3b20aa49c82b7f"

regenerator-runtime@^0.11.1:
  version "0.11.1"
  resolved "https://registry.yarnpkg.com/regenerator-runtime/-/regenerator-runtime-0.11.1.tgz#be05ad7f9bf7d22e056f9726cee5017fbf19e2e9"

regenerator-transform@^0.12.3:
  version "0.12.3"
  resolved "https://registry.yarnpkg.com/regenerator-transform/-/regenerator-transform-0.12.3.tgz#459adfb64f6a27164ab991b7873f45ab969eca8b"
  dependencies:
    private "^0.1.6"

regex-cache@^0.4.2:
  version "0.4.4"
  resolved "https://registry.yarnpkg.com/regex-cache/-/regex-cache-0.4.4.tgz#75bdc58a2a1496cec48a12835bc54c8d562336dd"
  dependencies:
    is-equal-shallow "^0.1.3"

regexpu-core@^4.1.3:
  version "4.1.3"
  resolved "https://registry.yarnpkg.com/regexpu-core/-/regexpu-core-4.1.3.tgz#fb81616dbbc2a917a7419b33f8379144f51eb8d0"
  dependencies:
    regenerate "^1.3.3"
    regenerate-unicode-properties "^5.1.1"
    regjsgen "^0.3.0"
    regjsparser "^0.2.1"
    unicode-match-property-ecmascript "^1.0.3"
    unicode-match-property-value-ecmascript "^1.0.1"

regjsgen@^0.3.0:
  version "0.3.0"
  resolved "https://registry.yarnpkg.com/regjsgen/-/regjsgen-0.3.0.tgz#0ee4a3e9276430cda25f1e789ea6c15b87b0cb43"

regjsparser@^0.2.1:
  version "0.2.1"
  resolved "https://registry.yarnpkg.com/regjsparser/-/regjsparser-0.2.1.tgz#c3787553faf04e775c302102ef346d995000ec1c"
  dependencies:
    jsesc "~0.5.0"

remove-trailing-separator@^1.0.1:
  version "1.1.0"
  resolved "https://registry.yarnpkg.com/remove-trailing-separator/-/remove-trailing-separator-1.1.0.tgz#c24bce2a283adad5bc3f58e0d48249b92379d8ef"

repeat-element@^1.1.2:
  version "1.1.2"
  resolved "https://registry.yarnpkg.com/repeat-element/-/repeat-element-1.1.2.tgz#ef089a178d1483baae4d93eb98b4f9e4e11d990a"

repeat-string@^1.5.2:
  version "1.6.1"
  resolved "https://registry.yarnpkg.com/repeat-string/-/repeat-string-1.6.1.tgz#8dcae470e1c88abc2d600fff4a776286da75e637"

resolve@^1.3.2:
  version "1.5.0"
  resolved "https://registry.yarnpkg.com/resolve/-/resolve-1.5.0.tgz#1f09acce796c9a762579f31b2c1cc4c3cddf9f36"
  dependencies:
    path-parse "^1.0.5"

semver@^5.3.0:
  version "5.3.0"
  resolved "https://registry.yarnpkg.com/semver/-/semver-5.3.0.tgz#9b2ce5d3de02d17c6012ad326aa6b4d0cf54f94f"

source-map@^0.5.0:
  version "0.5.7"
  resolved "https://registry.yarnpkg.com/source-map/-/source-map-0.5.7.tgz#8a039d2d1021d22d1ea14c80d8ea468ba2ef3fcc"

supports-color@^4.0.0:
  version "4.5.0"
  resolved "https://registry.yarnpkg.com/supports-color/-/supports-color-4.5.0.tgz#be7a0de484dec5c5cddf8b3d59125044912f635b"
  dependencies:
    has-flag "^2.0.0"

to-fast-properties@^2.0.0:
  version "2.0.0"
  resolved "https://registry.yarnpkg.com/to-fast-properties/-/to-fast-properties-2.0.0.tgz#dc5e698cbd079265bc73e0377681a4e4e83f616e"

trim-right@^1.0.1:
  version "1.0.1"
  resolved "https://registry.yarnpkg.com/trim-right/-/trim-right-1.0.1.tgz#cb2e1203067e0c8de1f614094b9fe45704ea6003"

unicode-canonical-property-names-ecmascript@^1.0.2:
  version "1.0.3"
  resolved "https://registry.yarnpkg.com/unicode-canonical-property-names-ecmascript/-/unicode-canonical-property-names-ecmascript-1.0.3.tgz#f6119f417467593c0086357c85546b6ad5abc583"

unicode-match-property-ecmascript@^1.0.3:
  version "1.0.3"
  resolved "https://registry.yarnpkg.com/unicode-match-property-ecmascript/-/unicode-match-property-ecmascript-1.0.3.tgz#db9b1cb4ffc67e0c5583780b1b59370e4cbe97b9"
  dependencies:
    unicode-canonical-property-names-ecmascript "^1.0.2"
    unicode-property-aliases-ecmascript "^1.0.3"

unicode-match-property-value-ecmascript@^1.0.1:
  version "1.0.1"
  resolved "https://registry.yarnpkg.com/unicode-match-property-value-ecmascript/-/unicode-match-property-value-ecmascript-1.0.1.tgz#fea059120a016f403afd3bf586162b4db03e0604"

unicode-property-aliases-ecmascript@^1.0.3:
  version "1.0.3"
  resolved "https://registry.yarnpkg.com/unicode-property-aliases-ecmascript/-/unicode-property-aliases-ecmascript-1.0.3.tgz#ac3522583b9e630580f916635333e00c5ead690d"
