# THIS IS AN AUTOGENERATED FILE. DO NOT EDIT THIS FILE DIRECTLY.
# yarn lockfile v1


"@babel/code-frame@7.0.0-beta.37":
  version "7.0.0-beta.37"
  resolved "https://registry.yarnpkg.com/@babel/code-frame/-/code-frame-7.0.0-beta.37.tgz#2da1dd3b1b57bfdea777ddc378df7cd12fe40171"
  dependencies:
    chalk "^2.0.0"
    esutils "^2.0.2"
    js-tokens "^3.0.0"

"@babel/core@^7.0.0-beta.37":
  version "7.0.0-beta.37"
  resolved "https://registry.yarnpkg.com/@babel/core/-/core-7.0.0-beta.37.tgz#a6291a7892643e36b721e56bcf132d9cc1b65b08"
  dependencies:
    "@babel/code-frame" "7.0.0-beta.37"
    "@babel/generator" "7.0.0-beta.37"
    "@babel/helpers" "7.0.0-beta.37"
    "@babel/template" "7.0.0-beta.37"
    "@babel/traverse" "7.0.0-beta.37"
    "@babel/types" "7.0.0-beta.37"
    babylon "7.0.0-beta.37"
    convert-source-map "^1.1.0"
    debug "^3.0.1"
    json5 "^0.5.0"
    lodash "^4.2.0"
    micromatch "^2.3.11"
    resolve "^1.3.2"
    source-map "^0.5.0"

"@babel/generator@7.0.0-beta.37":
  version "7.0.0-beta.37"
  resolved "https://registry.yarnpkg.com/@babel/generator/-/generator-7.0.0-beta.37.tgz#df5183995f20af4afe3bd5499a4c1336355fc163"
  dependencies:
    "@babel/types" "7.0.0-beta.37"
    jsesc "^2.5.1"
    lodash "^4.2.0"
    source-map "^0.5.0"
    trim-right "^1.0.1"

"@babel/helper-function-name@7.0.0-beta.37":
  version "7.0.0-beta.37"
  resolved "https://registry.yarnpkg.com/@babel/helper-function-name/-/helper-function-name-7.0.0-beta.37.tgz#add0b76b2947b495a95498de9f2096808c29d2d7"
  dependencies:
    "@babel/helper-get-function-arity" "7.0.0-beta.37"
    "@babel/template" "7.0.0-beta.37"
    "@babel/types" "7.0.0-beta.37"

"@babel/helper-get-function-arity@7.0.0-beta.37":
  version "7.0.0-beta.37"
  resolved "https://registry.yarnpkg.com/@babel/helper-get-function-arity/-/helper-get-function-arity-7.0.0-beta.37.tgz#430fec8d4bc804f20c84ee0ba63a807edf1fb0c1"
  dependencies:
    "@babel/types" "7.0.0-beta.37"

"@babel/helpers@7.0.0-beta.37":
  version "7.0.0-beta.37"
  resolved "https://registry.yarnpkg.com/@babel/helpers/-/helpers-7.0.0-beta.37.tgz#d811eef60749883b0249f48a00d681b8b3344a92"
  dependencies:
    "@babel/template" "7.0.0-beta.37"
    "@babel/traverse" "7.0.0-beta.37"
    "@babel/types" "7.0.0-beta.37"

"@babel/plugin-syntax-flow@7.0.0-beta.37":
  version "7.0.0-beta.37"
  resolved "https://registry.yarnpkg.com/@babel/plugin-syntax-flow/-/plugin-syntax-flow-7.0.0-beta.37.tgz#e6467f3cc3b56806c300a1cd4fea37c5ab8020c6"

"@babel/plugin-transform-flow-strip-types@7.0.0-beta.37":
  version "7.0.0-beta.37"
  resolved "https://registry.yarnpkg.com/@babel/plugin-transform-flow-strip-types/-/plugin-transform-flow-strip-types-7.0.0-beta.37.tgz#749b005300334fa474e18b82b22b869fdfe68fed"
  dependencies:
    "@babel/plugin-syntax-flow" "7.0.0-beta.37"

"@babel/template@7.0.0-beta.37":
  version "7.0.0-beta.37"
  resolved "https://registry.yarnpkg.com/@babel/template/-/template-7.0.0-beta.37.tgz#d51a5c8c7bfc1ff08f3623231b7d388a9e9b3570"
  dependencies:
    "@babel/code-frame" "7.0.0-beta.37"
    "@babel/types" "7.0.0-beta.37"
    babylon "7.0.0-beta.37"
    lodash "^4.2.0"

"@babel/traverse@7.0.0-beta.37":
  version "7.0.0-beta.37"
  resolved "https://registry.yarnpkg.com/@babel/traverse/-/traverse-7.0.0-beta.37.tgz#50fe6d841521cebb1486cf5e398f34b007a86812"
  dependencies:
    "@babel/code-frame" "7.0.0-beta.37"
    "@babel/helper-function-name" "7.0.0-beta.37"
    "@babel/types" "7.0.0-beta.37"
    babylon "7.0.0-beta.37"
    debug "^3.0.1"
    globals "^11.1.0"
    invariant "^2.2.0"
    lodash "^4.2.0"

"@babel/types@7.0.0-beta.37":
  version "7.0.0-beta.37"
  resolved "https://registry.yarnpkg.com/@babel/types/-/types-7.0.0-beta.37.tgz#fa93af9aa9d85c331729bb923495af04d9b0617d"
  dependencies:
    esutils "^2.0.2"
    lodash "^4.2.0"
    to-fast-properties "^2.0.0"

accepts@~1.3.3:
  version "1.3.3"
  resolved "https://registry.yarnpkg.com/accepts/-/accepts-1.3.3.tgz#c3ca7434938648c3e0d9c1e328dd68b622c284ca"
  dependencies:
    mime-types "~2.1.11"
    negotiator "0.6.1"

ansi-styles@^3.1.0:
  version "3.2.0"
  resolved "https://registry.yarnpkg.com/ansi-styles/-/ansi-styles-3.2.0.tgz#c159b8d5be0f9e5a6f346dab94f16ce022161b88"
  dependencies:
    color-convert "^1.9.0"

arr-diff@^2.0.0:
  version "2.0.0"
  resolved "https://registry.yarnpkg.com/arr-diff/-/arr-diff-2.0.0.tgz#8f3b827f955a8bd669697e4a4256ac3ceae356cf"
  dependencies:
    arr-flatten "^1.0.1"

arr-flatten@^1.0.1:
  version "1.1.0"
  resolved "https://registry.yarnpkg.com/arr-flatten/-/arr-flatten-1.1.0.tgz#36048bbff4e7b47e136644316c99669ea5ae91f1"

array-flatten@1.1.1:
  version "1.1.1"
  resolved "https://registry.yarnpkg.com/array-flatten/-/array-flatten-1.1.1.tgz#9a5f699051b1e7073328f2a008968b64ea2955d2"

array-unique@^0.2.1:
  version "0.2.1"
  resolved "https://registry.yarnpkg.com/array-unique/-/array-unique-0.2.1.tgz#a1d97ccafcbc2625cc70fadceb36a50c58b01a53"

babylon@7.0.0-beta.37:
  version "7.0.0-beta.37"
  resolved "https://registry.yarnpkg.com/babylon/-/babylon-7.0.0-beta.37.tgz#55a9eacab576c2d5e2832bc7b49a567e7c64bbc9"

braces@^1.8.2:
  version "1.8.5"
  resolved "https://registry.yarnpkg.com/braces/-/braces-1.8.5.tgz#ba77962e12dff969d6b76711e914b737857bf6a7"
  dependencies:
    expand-range "^1.8.1"
    preserve "^0.2.0"
    repeat-element "^1.1.2"

chalk@^2.0.0:
  version "2.3.0"
  resolved "https://registry.yarnpkg.com/chalk/-/chalk-2.3.0.tgz#b5ea48efc9c1793dccc9b4767c93914d3f2d52ba"
  dependencies:
    ansi-styles "^3.1.0"
    escape-string-regexp "^1.0.5"
    supports-color "^4.0.0"

color-convert@^1.9.0:
  version "1.9.1"
  resolved "https://registry.yarnpkg.com/color-convert/-/color-convert-1.9.1.tgz#c1261107aeb2f294ebffec9ed9ecad529a6097ed"
  dependencies:
    color-name "^1.1.1"

color-name@^1.1.1:
  version "1.1.3"
  resolved "https://registry.yarnpkg.com/color-name/-/color-name-1.1.3.tgz#a7d0558bd89c42f795dd42328f740831ca53bc25"

content-disposition@0.5.2:
  version "0.5.2"
  resolved "https://registry.yarnpkg.com/content-disposition/-/content-disposition-0.5.2.tgz#0cf68bb9ddf5f2be7961c3a85178cb85dba78cb4"

content-type@~1.0.2:
  version "1.0.2"
  resolved "https://registry.yarnpkg.com/content-type/-/content-type-1.0.2.tgz#b7d113aee7a8dd27bd21133c4dc2529df1721eed"

convert-source-map@^1.1.0:
  version "1.5.1"
  resolved "https://registry.yarnpkg.com/convert-source-map/-/convert-source-map-1.5.1.tgz#b8278097b9bc229365de5c62cf5fcaed8b5599e5"

cookie-signature@1.0.6:
  version "1.0.6"
  resolved "https://registry.yarnpkg.com/cookie-signature/-/cookie-signature-1.0.6.tgz#e303a882b342cc3ee8ca513a79999734dab3ae2c"

cookie@0.3.1:
  version "0.3.1"
  resolved "https://registry.yarnpkg.com/cookie/-/cookie-0.3.1.tgz#e7e0a1f9ef43b4c8ba925c5c5a96e806d16873bb"

debug@2.6.7:
  version "2.6.7"
  resolved "https://registry.yarnpkg.com/debug/-/debug-2.6.7.tgz#92bad1f6d05bbb6bba22cca88bcd0ec894c2861e"
  dependencies:
    ms "2.0.0"

debug@^3.0.1:
  version "3.1.0"
  resolved "https://registry.yarnpkg.com/debug/-/debug-3.1.0.tgz#5bb5a0672628b64149566ba16819e61518c67261"
  dependencies:
    ms "2.0.0"

depd@1.1.0, depd@~1.1.0:
  version "1.1.0"
  resolved "https://registry.yarnpkg.com/depd/-/depd-1.1.0.tgz#e1bd82c6aab6ced965b97b88b17ed3e528ca18c3"

destroy@~1.0.4:
  version "1.0.4"
  resolved "https://registry.yarnpkg.com/destroy/-/destroy-1.0.4.tgz#978857442c44749e4206613e37946205826abd80"

ee-first@1.1.1:
  version "1.1.1"
  resolved "https://registry.yarnpkg.com/ee-first/-/ee-first-1.1.1.tgz#590c61156b0ae2f4f0255732a158b266bc56b21d"

encodeurl@~1.0.1:
  version "1.0.1"
  resolved "https://registry.yarnpkg.com/encodeurl/-/encodeurl-1.0.1.tgz#79e3d58655346909fe6f0f45a5de68103b294d20"

escape-html@~1.0.3:
  version "1.0.3"
  resolved "https://registry.yarnpkg.com/escape-html/-/escape-html-1.0.3.tgz#0258eae4d3d0c0974de1c169188ef0051d1d1988"

escape-string-regexp@^1.0.5:
  version "1.0.5"
  resolved "https://registry.yarnpkg.com/escape-string-regexp/-/escape-string-regexp-1.0.5.tgz#1b61c0562190a8dff6ae3bb2cf0200ca130b86d4"

esutils@^2.0.2:
  version "2.0.2"
  resolved "https://registry.yarnpkg.com/esutils/-/esutils-2.0.2.tgz#0abf4f1caa5bcb1f7a9d8acc6dea4faaa04bac9b"

etag@~1.8.0:
  version "1.8.0"
  resolved "https://registry.yarnpkg.com/etag/-/etag-1.8.0.tgz#6f631aef336d6c46362b51764044ce216be3c051"

expand-brackets@^0.1.4:
  version "0.1.5"
  resolved "https://registry.yarnpkg.com/expand-brackets/-/expand-brackets-0.1.5.tgz#df07284e342a807cd733ac5af72411e581d1177b"
  dependencies:
    is-posix-bracket "^0.1.0"

expand-range@^1.8.1:
  version "1.8.2"
  resolved "https://registry.yarnpkg.com/expand-range/-/expand-range-1.8.2.tgz#a299effd335fe2721ebae8e257ec79644fc85337"
  dependencies:
    fill-range "^2.1.0"

express@^4.14.0:
  version "4.15.3"
  resolved "https://registry.yarnpkg.com/express/-/express-4.15.3.tgz#bab65d0f03aa80c358408972fc700f916944b662"
  dependencies:
    accepts "~1.3.3"
    array-flatten "1.1.1"
    content-disposition "0.5.2"
    content-type "~1.0.2"
    cookie "0.3.1"
    cookie-signature "1.0.6"
    debug "2.6.7"
    depd "~1.1.0"
    encodeurl "~1.0.1"
    escape-html "~1.0.3"
    etag "~1.8.0"
    finalhandler "~1.0.3"
    fresh "0.5.0"
    merge-descriptors "1.0.1"
    methods "~1.1.2"
    on-finished "~2.3.0"
    parseurl "~1.3.1"
    path-to-regexp "0.1.7"
    proxy-addr "~1.1.4"
    qs "6.4.0"
    range-parser "~1.2.0"
    send "0.15.3"
    serve-static "1.12.3"
    setprototypeof "1.0.3"
    statuses "~1.3.1"
    type-is "~1.6.15"
    utils-merge "1.0.0"
    vary "~1.1.1"

extglob@^0.3.1:
  version "0.3.2"
  resolved "https://registry.yarnpkg.com/extglob/-/extglob-0.3.2.tgz#2e18ff3d2f49ab2765cec9023f011daa8d8349a1"
  dependencies:
    is-extglob "^1.0.0"

filename-regex@^2.0.0:
  version "2.0.1"
  resolved "https://registry.yarnpkg.com/filename-regex/-/filename-regex-2.0.1.tgz#c1c4b9bee3e09725ddb106b75c1e301fe2f18b26"

fill-range@^2.1.0:
  version "2.2.3"
  resolved "https://registry.yarnpkg.com/fill-range/-/fill-range-2.2.3.tgz#50b77dfd7e469bc7492470963699fe7a8485a723"
  dependencies:
    is-number "^2.1.0"
    isobject "^2.0.0"
    randomatic "^1.1.3"
    repeat-element "^1.1.2"
    repeat-string "^1.5.2"

finalhandler@~1.0.3:
  version "1.0.3"
  resolved "https://registry.yarnpkg.com/finalhandler/-/finalhandler-1.0.3.tgz#ef47e77950e999780e86022a560e3217e0d0cc89"
  dependencies:
    debug "2.6.7"
    encodeurl "~1.0.1"
    escape-html "~1.0.3"
    on-finished "~2.3.0"
    parseurl "~1.3.1"
    statuses "~1.3.1"
    unpipe "~1.0.0"

flow-bin@^0.37.4:
  version "0.37.4"
  resolved "https://registry.yarnpkg.com/flow-bin/-/flow-bin-0.37.4.tgz#3d8da2ef746e80e730d166e09040f4198969b76b"

for-in@^1.0.1:
  version "1.0.2"
  resolved "https://registry.yarnpkg.com/for-in/-/for-in-1.0.2.tgz#81068d295a8142ec0ac726c6e2200c30fb6d5e80"

for-own@^0.1.4:
  version "0.1.5"
  resolved "https://registry.yarnpkg.com/for-own/-/for-own-0.1.5.tgz#5265c681a4f294dabbf17c9509b6763aa84510ce"
  dependencies:
    for-in "^1.0.1"

forwarded@~0.1.0:
  version "0.1.0"
  resolved "https://registry.yarnpkg.com/forwarded/-/forwarded-0.1.0.tgz#19ef9874c4ae1c297bcf078fde63a09b66a84363"

fresh@0.5.0:
  version "0.5.0"
  resolved "https://registry.yarnpkg.com/fresh/-/fresh-0.5.0.tgz#f474ca5e6a9246d6fd8e0953cfa9b9c805afa78e"

glob-base@^0.3.0:
  version "0.3.0"
  resolved "https://registry.yarnpkg.com/glob-base/-/glob-base-0.3.0.tgz#dbb164f6221b1c0b1ccf82aea328b497df0ea3c4"
  dependencies:
    glob-parent "^2.0.0"
    is-glob "^2.0.0"

glob-parent@^2.0.0:
  version "2.0.0"
  resolved "https://registry.yarnpkg.com/glob-parent/-/glob-parent-2.0.0.tgz#81383d72db054fcccf5336daa902f182f6edbb28"
  dependencies:
    is-glob "^2.0.0"

globals@^11.1.0:
  version "11.1.0"
  resolved "https://registry.yarnpkg.com/globals/-/globals-11.1.0.tgz#632644457f5f0e3ae711807183700ebf2e4633e4"

has-flag@^2.0.0:
  version "2.0.0"
  resolved "https://registry.yarnpkg.com/has-flag/-/has-flag-2.0.0.tgz#e8207af1cc7b30d446cc70b734b5e8be18f88d51"

http-errors@~1.6.1:
  version "1.6.1"
  resolved "https://registry.yarnpkg.com/http-errors/-/http-errors-1.6.1.tgz#5f8b8ed98aca545656bf572997387f904a722257"
  dependencies:
    depd "1.1.0"
    inherits "2.0.3"
    setprototypeof "1.0.3"
    statuses ">= 1.3.1 < 2"

inherits@2.0.3:
  version "2.0.3"
  resolved "https://registry.yarnpkg.com/inherits/-/inherits-2.0.3.tgz#633c2c83e3da42a502f52466022480f4208261de"

invariant@^2.2.0:
  version "2.2.2"
  resolved "https://registry.yarnpkg.com/invariant/-/invariant-2.2.2.tgz#9e1f56ac0acdb6bf303306f338be3b204ae60360"
  dependencies:
    loose-envify "^1.0.0"

ipaddr.js@1.3.0:
  version "1.3.0"
  resolved "https://registry.yarnpkg.com/ipaddr.js/-/ipaddr.js-1.3.0.tgz#1e03a52fdad83a8bbb2b25cbf4998b4cffcd3dec"

is-buffer@^1.1.5:
  version "1.1.6"
  resolved "https://registry.yarnpkg.com/is-buffer/-/is-buffer-1.1.6.tgz#efaa2ea9daa0d7ab2ea13a97b2b8ad51fefbe8be"

is-dotfile@^1.0.0:
  version "1.0.3"
  resolved "https://registry.yarnpkg.com/is-dotfile/-/is-dotfile-1.0.3.tgz#a6a2f32ffd2dfb04f5ca25ecd0f6b83cf798a1e1"

is-equal-shallow@^0.1.3:
  version "0.1.3"
  resolved "https://registry.yarnpkg.com/is-equal-shallow/-/is-equal-shallow-0.1.3.tgz#2238098fc221de0bcfa5d9eac4c45d638aa1c534"
  dependencies:
    is-primitive "^2.0.0"

is-extendable@^0.1.1:
  version "0.1.1"
  resolved "https://registry.yarnpkg.com/is-extendable/-/is-extendable-0.1.1.tgz#62b110e289a471418e3ec36a617d472e301dfc89"

is-extglob@^1.0.0:
  version "1.0.0"
  resolved "https://registry.yarnpkg.com/is-extglob/-/is-extglob-1.0.0.tgz#ac468177c4943405a092fc8f29760c6ffc6206c0"

is-glob@^2.0.0, is-glob@^2.0.1:
  version "2.0.1"
  resolved "https://registry.yarnpkg.com/is-glob/-/is-glob-2.0.1.tgz#d096f926a3ded5600f3fdfd91198cb0888c2d863"
  dependencies:
    is-extglob "^1.0.0"

is-number@^2.1.0:
  version "2.1.0"
  resolved "https://registry.yarnpkg.com/is-number/-/is-number-2.1.0.tgz#01fcbbb393463a548f2f466cce16dece49db908f"
  dependencies:
    kind-of "^3.0.2"

is-number@^3.0.0:
  version "3.0.0"
  resolved "https://registry.yarnpkg.com/is-number/-/is-number-3.0.0.tgz#24fd6201a4782cf50561c810276afc7d12d71195"
  dependencies:
    kind-of "^3.0.2"

is-posix-bracket@^0.1.0:
  version "0.1.1"
  resolved "https://registry.yarnpkg.com/is-posix-bracket/-/is-posix-bracket-0.1.1.tgz#3334dc79774368e92f016e6fbc0a88f5cd6e6bc4"

is-primitive@^2.0.0:
  version "2.0.0"
  resolved "https://registry.yarnpkg.com/is-primitive/-/is-primitive-2.0.0.tgz#207bab91638499c07b2adf240a41a87210034575"

isarray@1.0.0:
  version "1.0.0"
  resolved "https://registry.yarnpkg.com/isarray/-/isarray-1.0.0.tgz#bb935d48582cba168c06834957a54a3e07124f11"

isobject@^2.0.0:
  version "2.1.0"
  resolved "https://registry.yarnpkg.com/isobject/-/isobject-2.1.0.tgz#f065561096a3f1da2ef46272f815c840d87e0c89"
  dependencies:
    isarray "1.0.0"

js-tokens@^3.0.0:
  version "3.0.2"
  resolved "https://registry.yarnpkg.com/js-tokens/-/js-tokens-3.0.2.tgz#9866df395102130e38f7f996bceb65443209c25b"

jsesc@^2.5.1:
  version "2.5.1"
  resolved "https://registry.yarnpkg.com/jsesc/-/jsesc-2.5.1.tgz#e421a2a8e20d6b0819df28908f782526b96dd1fe"

json5@^0.5.0:
  version "0.5.1"
  resolved "https://registry.yarnpkg.com/json5/-/json5-0.5.1.tgz#1eade7acc012034ad84e2396767ead9fa5495821"

kind-of@^3.0.2:
  version "3.2.2"
  resolved "https://registry.yarnpkg.com/kind-of/-/kind-of-3.2.2.tgz#31ea21a734bab9bbb0f32466d893aea51e4a3c64"
  dependencies:
    is-buffer "^1.1.5"

kind-of@^4.0.0:
  version "4.0.0"
  resolved "https://registry.yarnpkg.com/kind-of/-/kind-of-4.0.0.tgz#20813df3d712928b207378691a45066fae72dd57"
  dependencies:
    is-buffer "^1.1.5"

lodash@^4.2.0:
  version "4.17.4"
  resolved "https://registry.yarnpkg.com/lodash/-/lodash-4.17.4.tgz#78203a4d1c328ae1d86dca6460e369b57f4055ae"

loose-envify@^1.0.0:
  version "1.3.1"
  resolved "https://registry.yarnpkg.com/loose-envify/-/loose-envify-1.3.1.tgz#d1a8ad33fa9ce0e713d65fdd0ac8b748d478c848"
  dependencies:
    js-tokens "^3.0.0"

media-typer@0.3.0:
  version "0.3.0"
  resolved "https://registry.yarnpkg.com/media-typer/-/media-typer-0.3.0.tgz#8710d7af0aa626f8fffa1ce00168545263255748"

merge-descriptors@1.0.1:
  version "1.0.1"
  resolved "https://registry.yarnpkg.com/merge-descriptors/-/merge-descriptors-1.0.1.tgz#b00aaa556dd8b44568150ec9d1b953f3f90cbb61"

methods@~1.1.2:
  version "1.1.2"
  resolved "https://registry.yarnpkg.com/methods/-/methods-1.1.2.tgz#5529a4d67654134edcc5266656835b0f851afcee"

micromatch@^2.3.11:
  version "2.3.11"
  resolved "https://registry.yarnpkg.com/micromatch/-/micromatch-2.3.11.tgz#86677c97d1720b363431d04d0d15293bd38c1565"
  dependencies:
    arr-diff "^2.0.0"
    array-unique "^0.2.1"
    braces "^1.8.2"
    expand-brackets "^0.1.4"
    extglob "^0.3.1"
    filename-regex "^2.0.0"
    is-extglob "^1.0.0"
    is-glob "^2.0.1"
    kind-of "^3.0.2"
    normalize-path "^2.0.1"
    object.omit "^2.0.0"
    parse-glob "^3.0.4"
    regex-cache "^0.4.2"

mime-db@~1.27.0:
  version "1.27.0"
  resolved "https://registry.yarnpkg.com/mime-db/-/mime-db-1.27.0.tgz#820f572296bbd20ec25ed55e5b5de869e5436eb1"

mime-types@~2.1.11, mime-types@~2.1.15:
  version "2.1.15"
  resolved "https://registry.yarnpkg.com/mime-types/-/mime-types-2.1.15.tgz#a4ebf5064094569237b8cf70046776d09fc92aed"
  dependencies:
    mime-db "~1.27.0"

mime@1.3.4:
  version "1.3.4"
  resolved "https://registry.yarnpkg.com/mime/-/mime-1.3.4.tgz#115f9e3b6b3daf2959983cb38f149a2d40eb5d53"

ms@2.0.0:
  version "2.0.0"
  resolved "https://registry.yarnpkg.com/ms/-/ms-2.0.0.tgz#5608aeadfc00be6c2901df5f9861788de0d597c8"

negotiator@0.6.1:
  version "0.6.1"
  resolved "https://registry.yarnpkg.com/negotiator/-/negotiator-0.6.1.tgz#2b327184e8992101177b28563fb5e7102acd0ca9"

normalize-path@^2.0.1:
  version "2.1.1"
  resolved "https://registry.yarnpkg.com/normalize-path/-/normalize-path-2.1.1.tgz#1ab28b556e198363a8c1a6f7e6fa20137fe6aed9"
  dependencies:
    remove-trailing-separator "^1.0.1"

object.omit@^2.0.0:
  version "2.0.1"
  resolved "https://registry.yarnpkg.com/object.omit/-/object.omit-2.0.1.tgz#1a9c744829f39dbb858c76ca3579ae2a54ebd1fa"
  dependencies:
    for-own "^0.1.4"
    is-extendable "^0.1.1"

on-finished@~2.3.0:
  version "2.3.0"
  resolved "https://registry.yarnpkg.com/on-finished/-/on-finished-2.3.0.tgz#20f1336481b083cd75337992a16971aa2d906947"
  dependencies:
    ee-first "1.1.1"

parse-glob@^3.0.4:
  version "3.0.4"
  resolved "https://registry.yarnpkg.com/parse-glob/-/parse-glob-3.0.4.tgz#b2c376cfb11f35513badd173ef0bb6e3a388391c"
  dependencies:
    glob-base "^0.3.0"
    is-dotfile "^1.0.0"
    is-extglob "^1.0.0"
    is-glob "^2.0.0"

parseurl@~1.3.1:
  version "1.3.1"
  resolved "https://registry.yarnpkg.com/parseurl/-/parseurl-1.3.1.tgz#c8ab8c9223ba34888aa64a297b28853bec18da56"

path-parse@^1.0.5:
  version "1.0.5"
  resolved "https://registry.yarnpkg.com/path-parse/-/path-parse-1.0.5.tgz#3c1adf871ea9cd6c9431b6ea2bd74a0ff055c4c1"

path-to-regexp@0.1.7:
  version "0.1.7"
  resolved "https://registry.yarnpkg.com/path-to-regexp/-/path-to-regexp-0.1.7.tgz#df604178005f522f15eb4490e7247a1bfaa67f8c"

preserve@^0.2.0:
  version "0.2.0"
  resolved "https://registry.yarnpkg.com/preserve/-/preserve-0.2.0.tgz#815ed1f6ebc65926f865b310c0713bcb3315ce4b"

proxy-addr@~1.1.4:
  version "1.1.4"
  resolved "https://registry.yarnpkg.com/proxy-addr/-/proxy-addr-1.1.4.tgz#27e545f6960a44a627d9b44467e35c1b6b4ce2f3"
  dependencies:
    forwarded "~0.1.0"
    ipaddr.js "1.3.0"

qs@6.4.0:
  version "6.4.0"
  resolved "https://registry.yarnpkg.com/qs/-/qs-6.4.0.tgz#13e26d28ad6b0ffaa91312cd3bf708ed351e7233"

randomatic@^1.1.3:
  version "1.1.7"
  resolved "https://registry.yarnpkg.com/randomatic/-/randomatic-1.1.7.tgz#c7abe9cc8b87c0baa876b19fde83fd464797e38c"
  dependencies:
    is-number "^3.0.0"
    kind-of "^4.0.0"

range-parser@~1.2.0:
  version "1.2.0"
  resolved "https://registry.yarnpkg.com/range-parser/-/range-parser-1.2.0.tgz#f49be6b487894ddc40dcc94a322f611092e00d5e"

regex-cache@^0.4.2:
  version "0.4.4"
  resolved "https://registry.yarnpkg.com/regex-cache/-/regex-cache-0.4.4.tgz#75bdc58a2a1496cec48a12835bc54c8d562336dd"
  dependencies:
    is-equal-shallow "^0.1.3"

remove-trailing-separator@^1.0.1:
  version "1.1.0"
  resolved "https://registry.yarnpkg.com/remove-trailing-separator/-/remove-trailing-separator-1.1.0.tgz#c24bce2a283adad5bc3f58e0d48249b92379d8ef"

repeat-element@^1.1.2:
  version "1.1.2"
  resolved "https://registry.yarnpkg.com/repeat-element/-/repeat-element-1.1.2.tgz#ef089a178d1483baae4d93eb98b4f9e4e11d990a"

repeat-string@^1.5.2:
  version "1.6.1"
  resolved "https://registry.yarnpkg.com/repeat-string/-/repeat-string-1.6.1.tgz#8dcae470e1c88abc2d600fff4a776286da75e637"

resolve@^1.3.2:
  version "1.5.0"
  resolved "https://registry.yarnpkg.com/resolve/-/resolve-1.5.0.tgz#1f09acce796c9a762579f31b2c1cc4c3cddf9f36"
  dependencies:
    path-parse "^1.0.5"

send@0.15.3:
  version "0.15.3"
  resolved "https://registry.yarnpkg.com/send/-/send-0.15.3.tgz#5013f9f99023df50d1bd9892c19e3defd1d53309"
  dependencies:
    debug "2.6.7"
    depd "~1.1.0"
    destroy "~1.0.4"
    encodeurl "~1.0.1"
    escape-html "~1.0.3"
    etag "~1.8.0"
    fresh "0.5.0"
    http-errors "~1.6.1"
    mime "1.3.4"
    ms "2.0.0"
    on-finished "~2.3.0"
    range-parser "~1.2.0"
    statuses "~1.3.1"

serve-static@1.12.3:
  version "1.12.3"
  resolved "https://registry.yarnpkg.com/serve-static/-/serve-static-1.12.3.tgz#9f4ba19e2f3030c547f8af99107838ec38d5b1e2"
  dependencies:
    encodeurl "~1.0.1"
    escape-html "~1.0.3"
    parseurl "~1.3.1"
    send "0.15.3"

setprototypeof@1.0.3:
  version "1.0.3"
  resolved "https://registry.yarnpkg.com/setprototypeof/-/setprototypeof-1.0.3.tgz#66567e37043eeb4f04d91bd658c0cbefb55b8e04"

source-map@^0.5.0:
  version "0.5.7"
  resolved "https://registry.yarnpkg.com/source-map/-/source-map-0.5.7.tgz#8a039d2d1021d22d1ea14c80d8ea468ba2ef3fcc"

"statuses@>= 1.3.1 < 2", statuses@~1.3.1:
  version "1.3.1"
  resolved "https://registry.yarnpkg.com/statuses/-/statuses-1.3.1.tgz#faf51b9eb74aaef3b3acf4ad5f61abf24cb7b93e"

supports-color@^4.0.0:
  version "4.5.0"
  resolved "https://registry.yarnpkg.com/supports-color/-/supports-color-4.5.0.tgz#be7a0de484dec5c5cddf8b3d59125044912f635b"
  dependencies:
    has-flag "^2.0.0"

to-fast-properties@^2.0.0:
  version "2.0.0"
  resolved "https://registry.yarnpkg.com/to-fast-properties/-/to-fast-properties-2.0.0.tgz#dc5e698cbd079265bc73e0377681a4e4e83f616e"

trim-right@^1.0.1:
  version "1.0.1"
  resolved "https://registry.yarnpkg.com/trim-right/-/trim-right-1.0.1.tgz#cb2e1203067e0c8de1f614094b9fe45704ea6003"

type-is@~1.6.15:
  version "1.6.15"
  resolved "https://registry.yarnpkg.com/type-is/-/type-is-1.6.15.tgz#cab10fb4909e441c82842eafe1ad646c81804410"
  dependencies:
    media-typer "0.3.0"
    mime-types "~2.1.15"

unpipe@~1.0.0:
  version "1.0.0"
  resolved "https://registry.yarnpkg.com/unpipe/-/unpipe-1.0.0.tgz#b2bf4ee8514aae6165b4817829d21b2ef49904ec"

utils-merge@1.0.0:
  version "1.0.0"
  resolved "https://registry.yarnpkg.com/utils-merge/-/utils-merge-1.0.0.tgz#0294fb922bb9375153541c4f7096231f287c8af8"

vary@~1.1.1:
  version "1.1.1"
  resolved "https://registry.yarnpkg.com/vary/-/vary-1.1.1.tgz#67535ebb694c1d52257457984665323f587e8d37"
